// !$*UTF8*$!
{
	archiveVersion = 1;
	classes = {
	};
	objectVersion = 50;
	objects = {

/* Begin PBXBuildFile section */
		1038317B25D4DDC00047D539 /* CoreDataManager.swift in Sources */ = {isa = PBXBuildFile; fileRef = 1038317A25D4DDC00047D539 /* CoreDataManager.swift */; };
		1091242825D49848008B9379 /* AppDelegate.swift in Sources */ = {isa = PBXBuildFile; fileRef = 1091242725D49848008B9379 /* AppDelegate.swift */; };
		1091242A25D49848008B9379 /* SceneDelegate.swift in Sources */ = {isa = PBXBuildFile; fileRef = 1091242925D49848008B9379 /* SceneDelegate.swift */; };
		1091242F25D49848008B9379 /* Main.storyboard in Resources */ = {isa = PBXBuildFile; fileRef = 1091242D25D49848008B9379 /* Main.storyboard */; };
		1091243225D49848008B9379 /* ExameniOSBA.xcdatamodeld in Sources */ = {isa = PBXBuildFile; fileRef = 1091243025D49848008B9379 /* ExameniOSBA.xcdatamodeld */; };
		1091243425D4984A008B9379 /* Assets.xcassets in Resources */ = {isa = PBXBuildFile; fileRef = 1091243325D4984A008B9379 /* Assets.xcassets */; };
		1091243725D4984A008B9379 /* LaunchScreen.storyboard in Resources */ = {isa = PBXBuildFile; fileRef = 1091243525D4984A008B9379 /* LaunchScreen.storyboard */; };
		1091245425D4AFD0008B9379 /* Petitions.swift in Sources */ = {isa = PBXBuildFile; fileRef = 1091245325D4AFD0008B9379 /* Petitions.swift */; };
		1091246125D4B87D008B9379 /* OpcionesTableViewController.swift in Sources */ = {isa = PBXBuildFile; fileRef = 1091246025D4B87D008B9379 /* OpcionesTableViewController.swift */; };
/* End PBXBuildFile section */

/* Begin PBXFileReference section */
		1038317A25D4DDC00047D539 /* CoreDataManager.swift */ = {isa = PBXFileReference; lastKnownFileType = sourcecode.swift; path = CoreDataManager.swift; sourceTree = "<group>"; };
		1091242425D49848008B9379 /* ExameniOSBA.app */ = {isa = PBXFileReference; explicitFileType = wrapper.application; includeInIndex = 0; path = ExameniOSBA.app; sourceTree = BUILT_PRODUCTS_DIR; };
		1091242725D49848008B9379 /* AppDelegate.swift */ = {isa = PBXFileReference; lastKnownFileType = sourcecode.swift; path = AppDelegate.swift; sourceTree = "<group>"; };
		1091242925D49848008B9379 /* SceneDelegate.swift */ = {isa = PBXFileReference; lastKnownFileType = sourcecode.swift; path = SceneDelegate.swift; sourceTree = "<group>"; };
		1091242E25D49848008B9379 /* Base */ = {isa = PBXFileReference; lastKnownFileType = file.storyboard; name = Base; path = Base.lproj/Main.storyboard; sourceTree = "<group>"; };
		1091243125D49848008B9379 /* ExameniOSBA.xcdatamodel */ = {isa = PBXFileReference; lastKnownFileType = wrapper.xcdatamodel; path = ExameniOSBA.xcdatamodel; sourceTree = "<group>"; };
		1091243325D4984A008B9379 /* Assets.xcassets */ = {isa = PBXFileReference; lastKnownFileType = folder.assetcatalog; path = Assets.xcassets; sourceTree = "<group>"; };
		1091243625D4984A008B9379 /* Base */ = {isa = PBXFileReference; lastKnownFileType = file.storyboard; name = Base; path = Base.lproj/LaunchScreen.storyboard; sourceTree = "<group>"; };
		1091243825D4984A008B9379 /* Info.plist */ = {isa = PBXFileReference; lastKnownFileType = text.plist.xml; path = Info.plist; sourceTree = "<group>"; };
		1091245325D4AFD0008B9379 /* Petitions.swift */ = {isa = PBXFileReference; fileEncoding = 4; lastKnownFileType = sourcecode.swift; path = Petitions.swift; sourceTree = "<group>"; };
		1091246025D4B87D008B9379 /* OpcionesTableViewController.swift */ = {isa = PBXFileReference; lastKnownFileType = sourcecode.swift; path = OpcionesTableViewController.swift; sourceTree = "<group>"; };
/* End PBXFileReference section */

/* Begin PBXFrameworksBuildPhase section */
		1091242125D49848008B9379 /* Frameworks */ = {
			isa = PBXFrameworksBuildPhase;
			buildActionMask = 2147483647;
			files = (
			);
			runOnlyForDeploymentPostprocessing = 0;
		};
/* End PBXFrameworksBuildPhase section */

/* Begin PBXGroup section */
		1091241B25D49848008B9379 = {
			isa = PBXGroup;
			children = (
				1091242625D49848008B9379 /* ExameniOSBA */,
				1091242525D49848008B9379 /* Products */,
			);
			sourceTree = "<group>";
		};
		1091242525D49848008B9379 /* Products */ = {
			isa = PBXGroup;
			children = (
				1091242425D49848008B9379 /* ExameniOSBA.app */,
			);
			name = Products;
			sourceTree = "<group>";
		};
		1091242625D49848008B9379 /* ExameniOSBA */ = {
			isa = PBXGroup;
			children = (
				1091245225D4AFA5008B9379 /* Model */,
				1091243F25D4984F008B9379 /* AppDelegate */,
				1091244225D49879008B9379 /* CoreData */,
				1091244325D49882008B9379 /* Resources */,
				1091244025D49859008B9379 /* ViewController */,
				1091244125D4986D008B9379 /* Views */,
			);
			path = ExameniOSBA;
			sourceTree = "<group>";
		};
		1091243F25D4984F008B9379 /* AppDelegate */ = {
			isa = PBXGroup;
			children = (
				1091242925D49848008B9379 /* SceneDelegate.swift */,
				1091242725D49848008B9379 /* AppDelegate.swift */,
			);
			path = AppDelegate;
			sourceTree = "<group>";
		};
		1091244025D49859008B9379 /* ViewController */ = {
			isa = PBXGroup;
			children = (
				1091246025D4B87D008B9379 /* OpcionesTableViewController.swift */,
			);
			path = ViewController;
			sourceTree = "<group>";
		};
		1091244125D4986D008B9379 /* Views */ = {
			isa = PBXGroup;
			children = (
				1091242D25D49848008B9379 /* Main.storyboard */,
				1091243525D4984A008B9379 /* LaunchScreen.storyboard */,
			);
			path = Views;
			sourceTree = "<group>";
		};
		1091244225D49879008B9379 /* CoreData */ = {
			isa = PBXGroup;
			children = (
				1091243025D49848008B9379 /* ExameniOSBA.xcdatamodeld */,
				1038317A25D4DDC00047D539 /* CoreDataManager.swift */,
			);
			path = CoreData;
			sourceTree = "<group>";
		};
		1091244325D49882008B9379 /* Resources */ = {
			isa = PBXGroup;
			children = (
				1091243325D4984A008B9379 /* Assets.xcassets */,
				1091243825D4984A008B9379 /* Info.plist */,
			);
			path = Resources;
			sourceTree = "<group>";
		};
		1091245225D4AFA5008B9379 /* Model */ = {
			isa = PBXGroup;
			children = (
				1091245325D4AFD0008B9379 /* Petitions.swift */,
			);
			path = Model;
			sourceTree = "<group>";
		};
/* End PBXGroup section */

/* Begin PBXNativeTarget section */
		1091242325D49848008B9379 /* ExameniOSBA */ = {
			isa = PBXNativeTarget;
			buildConfigurationList = 1091243B25D4984A008B9379 /* Build configuration list for PBXNativeTarget "ExameniOSBA" */;
			buildPhases = (
				1091242025D49848008B9379 /* Sources */,
				1091242125D49848008B9379 /* Frameworks */,
				1091242225D49848008B9379 /* Resources */,
			);
			buildRules = (
			);
			dependencies = (
			);
			name = ExameniOSBA;
			productName = ExameniOSBA;
			productReference = 1091242425D49848008B9379 /* ExameniOSBA.app */;
			productType = "com.apple.product-type.application";
		};
/* End PBXNativeTarget section */

/* Begin PBXProject section */
		1091241C25D49848008B9379 /* Project object */ = {
			isa = PBXProject;
			attributes = {
				LastSwiftUpdateCheck = 1240;
				LastUpgradeCheck = 1240;
				TargetAttributes = {
					1091242325D49848008B9379 = {
						CreatedOnToolsVersion = 12.4;
					};
				};
			};
			buildConfigurationList = 1091241F25D49848008B9379 /* Build configuration list for PBXProject "ExameniOSBA" */;
			compatibilityVersion = "Xcode 9.3";
			developmentRegion = en;
			hasScannedForEncodings = 0;
			knownRegions = (
				en,
				Base,
			);
			mainGroup = 1091241B25D49848008B9379;
			productRefGroup = 1091242525D49848008B9379 /* Products */;
			projectDirPath = "";
			projectRoot = "";
			targets = (
				1091242325D49848008B9379 /* ExameniOSBA */,
			);
		};
/* End PBXProject section */

/* Begin PBXResourcesBuildPhase section */
		1091242225D49848008B9379 /* Resources */ = {
			isa = PBXResourcesBuildPhase;
			buildActionMask = 2147483647;
			files = (
				1091243725D4984A008B9379 /* LaunchScreen.storyboard in Resources */,
				1091243425D4984A008B9379 /* Assets.xcassets in Resources */,
				1091242F25D49848008B9379 /* Main.storyboard in Resources */,
			);
			runOnlyForDeploymentPostprocessing = 0;
		};
/* End PBXResourcesBuildPhase section */

/* Begin PBXSourcesBuildPhase section */
		1091242025D49848008B9379 /* Sources */ = {
			isa = PBXSourcesBuildPhase;
			buildActionMask = 2147483647;
			files = (
				1038317B25D4DDC00047D539 /* CoreDataManager.swift in Sources */,
				1091243225D49848008B9379 /* ExameniOSBA.xcdatamodeld in Sources */,
				1091242825D49848008B9379 /* AppDelegate.swift in Sources */,
				1091242A25D49848008B9379 /* SceneDelegate.swift in Sources */,
				1091245425D4AFD0008B9379 /* Petitions.swift in Sources */,
				1091246125D4B87D008B9379 /* OpcionesTableViewController.swift in Sources */,
			);
			runOnlyForDeploymentPostprocessing = 0;
		};
/* End PBXSourcesBuildPhase section */

/* Begin PBXVariantGroup section */
		1091242D25D49848008B9379 /* Main.storyboard */ = {
			isa = PBXVariantGroup;
			children = (
				1091242E25D49848008B9379 /* Base */,
			);
			name = Main.storyboard;
			sourceTree = "<group>";
		};
		1091243525D4984A008B9379 /* LaunchScreen.storyboard */ = {
			isa = PBXVariantGroup;
			children = (
				1091243625D4984A008B9379 /* Base */,
			);
			name = LaunchScreen.storyboard;
			sourceTree = "<group>";
		};
/* End PBXVariantGroup section */

/* Begin XCBuildConfiguration section */
		1091243925D4984A008B9379 /* Debug */ = {
			isa = XCBuildConfiguration;
			buildSettings = {
				ALWAYS_SEARCH_USER_PATHS = NO;
				CLANG_ANALYZER_NONNULL = YES;
				CLANG_ANALYZER_NUMBER_OBJECT_CONVERSION = YES_AGGRESSIVE;
				CLANG_CXX_LANGUAGE_STANDARD = "gnu++14";
				CLANG_CXX_LIBRARY = "libc++";
				CLANG_ENABLE_MODULES = YES;
				CLANG_ENABLE_OBJC_ARC = YES;
				CLANG_ENABLE_OBJC_WEAK = YES;
				CLANG_WARN_BLOCK_CAPTURE_AUTORELEASING = YES;
				CLANG_WARN_BOOL_CONVERSION = YES;
				CLANG_WARN_COMMA = YES;
				CLANG_WARN_CONSTANT_CONVERSION = YES;
				CLANG_WARN_DEPRECATED_OBJC_IMPLEMENTATIONS = YES;
				CLANG_WARN_DIRECT_OBJC_ISA_USAGE = YES_ERROR;
				CLANG_WARN_DOCUMENTATION_COMMENTS = YES;
				CLANG_WARN_EMPTY_BODY = YES;
				CLANG_WARN_ENUM_CONVERSION = YES;
				CLANG_WARN_INFINITE_RECURSION = YES;
				CLANG_WARN_INT_CONVERSION = YES;
				CLANG_WARN_NON_LITERAL_NULL_CONVERSION = YES;
				CLANG_WARN_OBJC_IMPLICIT_RETAIN_SELF = YES;
				CLANG_WARN_OBJC_LITERAL_CONVERSION = YES;
				CLANG_WARN_OBJC_ROOT_CLASS = YES_ERROR;
				CLANG_WARN_QUOTED_INCLUDE_IN_FRAMEWORK_HEADER = YES;
				CLANG_WARN_RANGE_LOOP_ANALYSIS = YES;
				CLANG_WARN_STRICT_PROTOTYPES = YES;
				CLANG_WARN_SUSPICIOUS_MOVE = YES;
				CLANG_WARN_UNGUARDED_AVAILABILITY = YES_AGGRESSIVE;
				CLANG_WARN_UNREACHABLE_CODE = YES;
				CLANG_WARN__DUPLICATE_METHOD_MATCH = YES;
				COPY_PHASE_STRIP = NO;
				DEBUG_INFORMATION_FORMAT = dwarf;
				ENABLE_STRICT_OBJC_MSGSEND = YES;
				ENABLE_TESTABILITY = YES;
				GCC_C_LANGUAGE_STANDARD = gnu11;
				GCC_DYNAMIC_NO_PIC = NO;
				GCC_NO_COMMON_BLOCKS = YES;
				GCC_OPTIMIZATION_LEVEL = 0;
				GCC_PREPROCESSOR_DEFINITIONS = (
					"DEBUG=1",
					"$(inherited)",
				);
				GCC_WARN_64_TO_32_BIT_CONVERSION = YES;
				GCC_WARN_ABOUT_RETURN_TYPE = YES_ERROR;
				GCC_WARN_UNDECLARED_SELECTOR = YES;
				GCC_WARN_UNINITIALIZED_AUTOS = YES_AGGRESSIVE;
				GCC_WARN_UNUSED_FUNCTION = YES;
				GCC_WARN_UNUSED_VARIABLE = YES;
				IPHONEOS_DEPLOYMENT_TARGET = 14.4;
				MTL_ENABLE_DEBUG_INFO = INCLUDE_SOURCE;
				MTL_FAST_MATH = YES;
				ONLY_ACTIVE_ARCH = YES;
				SDKROOT = iphoneos;
				SWIFT_ACTIVE_COMPILATION_CONDITIONS = DEBUG;
				SWIFT_OPTIMIZATION_LEVEL = "-Onone";
			};
			name = Debug;
		};
		1091243A25D4984A008B9379 /* Release */ = {
			isa = XCBuildConfiguration;
			buildSettings = {
				ALWAYS_SEARCH_USER_PATHS = NO;
				CLANG_ANALYZER_NONNULL = YES;
				CLANG_ANALYZER_NUMBER_OBJECT_CONVERSION = YES_AGGRESSIVE;
				CLANG_CXX_LANGUAGE_STANDARD = "gnu++14";
				CLANG_CXX_LIBRARY = "libc++";
				CLANG_ENABLE_MODULES = YES;
				CLANG_ENABLE_OBJC_ARC = YES;
				CLANG_ENABLE_OBJC_WEAK = YES;
				CLANG_WARN_BLOCK_CAPTURE_AUTORELEASING = YES;
				CLANG_WARN_BOOL_CONVERSION = YES;
				CLANG_WARN_COMMA = YES;
				CLANG_WARN_CONSTANT_CONVERSION = YES;
				CLANG_WARN_DEPRECATED_OBJC_IMPLEMENTATIONS = YES;
				CLANG_WARN_DIRECT_OBJC_ISA_USAGE = YES_ERROR;
				CLANG_WARN_DOCUMENTATION_COMMENTS = YES;
				CLANG_WARN_EMPTY_BODY = YES;
				CLANG_WARN_ENUM_CONVERSION = YES;
				CLANG_WARN_INFINITE_RECURSION = YES;
				CLANG_WARN_INT_CONVERSION = YES;
				CLANG_WARN_NON_LITERAL_NULL_CONVERSION = YES;
				CLANG_WARN_OBJC_IMPLICIT_RETAIN_SELF = YES;
				CLANG_WARN_OBJC_LITERAL_CONVERSION = YES;
				CLANG_WARN_OBJC_ROOT_CLASS = YES_ERROR;
				CLANG_WARN_QUOTED_INCLUDE_IN_FRAMEWORK_HEADER = YES;
				CLANG_WARN_RANGE_LOOP_ANALYSIS = YES;
				CLANG_WARN_STRICT_PROTOTYPES = YES;
				CLANG_WARN_SUSPICIOUS_MOVE = YES;
				CLANG_WARN_UNGUARDED_AVAILABILITY = YES_AGGRESSIVE;
				CLANG_WARN_UNREACHABLE_CODE = YES;
				CLANG_WARN__DUPLICATE_METHOD_MATCH = YES;
				COPY_PHASE_STRIP = NO;
				DEBUG_INFORMATION_FORMAT = "dwarf-with-dsym";
				ENABLE_NS_ASSERTIONS = NO;
				ENABLE_STRICT_OBJC_MSGSEND = YES;
				GCC_C_LANGUAGE_STANDARD = gnu11;
				GCC_NO_COMMON_BLOCKS = YES;
				GCC_WARN_64_TO_32_BIT_CONVERSION = YES;
				GCC_WARN_ABOUT_RETURN_TYPE = YES_ERROR;
				GCC_WARN_UNDECLARED_SELECTOR = YES;
				GCC_WARN_UNINITIALIZED_AUTOS = YES_AGGRESSIVE;
				GCC_WARN_UNUSED_FUNCTION = YES;
				GCC_WARN_UNUSED_VARIABLE = YES;
				IPHONEOS_DEPLOYMENT_TARGET = 14.4;
				MTL_ENABLE_DEBUG_INFO = NO;
				MTL_FAST_MATH = YES;
				SDKROOT = iphoneos;
				SWIFT_COMPILATION_MODE = wholemodule;
				SWIFT_OPTIMIZATION_LEVEL = "-O";
				VALIDATE_PRODUCT = YES;
			};
			name = Release;
		};
		1091243C25D4984A008B9379 /* Debug */ = {
			isa = XCBuildConfiguration;
			buildSettings = {
				ASSETCATALOG_COMPILER_APPICON_NAME = AppIcon;
				ASSETCATALOG_COMPILER_GLOBAL_ACCENT_COLOR_NAME = AccentColor;
				CODE_SIGN_STYLE = Automatic;
				DEVELOPMENT_TEAM = HMTQUL7LT8;
				INFOPLIST_FILE = "$(SRCROOT)/ExameniOSBA/Resources/Info.plist";
				LD_RUNPATH_SEARCH_PATHS = (
					"$(inherited)",
					"@executable_path/Frameworks",
				);
				PRODUCT_BUNDLE_IDENTIFIER = com.mx.armandocarrillo.ExameniOSBA;
				PRODUCT_NAME = "$(TARGET_NAME)";
				SWIFT_VERSION = 5.0;
				TARGETED_DEVICE_FAMILY = "1,2";
			};
			name = Debug;
		};
		1091243D25D4984A008B9379 /* Release */ = {
			isa = XCBuildConfiguration;
			buildSettings = {
				ASSETCATALOG_COMPILER_APPICON_NAME = AppIcon;
				ASSETCATALOG_COMPILER_GLOBAL_ACCENT_COLOR_NAME = AccentColor;
				CODE_SIGN_STYLE = Automatic;
				DEVELOPMENT_TEAM = HMTQUL7LT8;
				INFOPLIST_FILE = "$(SRCROOT)/ExameniOSBA/Resources/Info.plist";
				LD_RUNPATH_SEARCH_PATHS = (
					"$(inherited)",
					"@executable_path/Frameworks",
				);
				PRODUCT_BUNDLE_IDENTIFIER = com.mx.armandocarrillo.ExameniOSBA;
				PRODUCT_NAME = "$(TARGET_NAME)";
				SWIFT_VERSION = 5.0;
				TARGETED_DEVICE_FAMILY = "1,2";
			};
			name = Release;
		};
/* End XCBuildConfiguration section */

/* Begin XCConfigurationList section */
		1091241F25D49848008B9379 /* Build configuration list for PBXProject "ExameniOSBA" */ = {
			isa = XCConfigurationList;
			buildConfigurations = (
				1091243925D4984A008B9379 /* Debug */,
				1091243A25D4984A008B9379 /* Release */,
			);
			defaultConfigurationIsVisible = 0;
			defaultConfigurationName = Release;
		};
		1091243B25D4984A008B9379 /* Build configuration list for PBXNativeTarget "ExameniOSBA" */ = {
			isa = XCConfigurationList;
			buildConfigurations = (
				1091243C25D4984A008B9379 /* Debug */,
				1091243D25D4984A008B9379 /* Release */,
			);
			defaultConfigurationIsVisible = 0;
			defaultConfigurationName = Release;
		};
/* End XCConfigurationList section */

/* Begin XCVersionGroup section */
		1091243025D49848008B9379 /* ExameniOSBA.xcdatamodeld */ = {
			isa = XCVersionGroup;
			children = (
				1091243125D49848008B9379 /* ExameniOSBA.xcdatamodel */,
			);
			currentVersion = 1091243125D49848008B9379 /* ExameniOSBA.xcdatamodel */;
			path = ExameniOSBA.xcdatamodeld;
			sourceTree = "<group>";
			versionGroupType = wrapper.xcdatamodel;
		};
/* End XCVersionGroup section */
	};
	rootObject = 1091241C25D49848008B9379 /* Project object */;
}
